
Microsoft Visual Studio Solution File, Format Version 12.00
# Visual Studio Version 16
VisualStudioVersion = 16.0.30225.117
MinimumVisualStudioVersion = 10.0.40219.1
Project("{FAE04EC0-301F-11D3-BF4B-00C04F79EFBC}") = "ai.gosu.webproxy", "ai.gosu.webproxy\ai.gosu.webproxy.csproj", "{7D1D4DC7-F6ED-477E-981F-C5F3B7092A6E}"
EndProject
Project("{FAE04EC0-301F-11D3-BF4B-00C04F79EFBC}") = "ConsoleApp1", "ai.gosu.webproxytest\ai.gosu.webproxytest.csproj", "{1EA662F1-746B-4801-AFF8-20CFB2ED8C02}"
EndProject
Global
	GlobalSection(SolutionConfigurationPlatforms) = preSolution
		Debug|Any CPU = Debug|Any CPU
		Release|Any CPU = Release|Any CPU
	EndGlobalSection
	GlobalSection(ProjectConfigurationPlatforms) = postSolution
		{7D1D4DC7-F6ED-477E-981F-C5F3B7092A6E}.Debug|Any CPU.ActiveCfg = Debug|Any CPU
		{7D1D4DC7-F6ED-477E-981F-C5F3B7092A6E}.Debug|Any CPU.Build.0 = Debug|Any CPU
		{7D1D4DC7-F6ED-477E-981F-C5F3B7092A6E}.Release|Any CPU.ActiveCfg = Release|Any CPU
		{7D1D4DC7-F6ED-477E-981F-C5F3B7092A6E}.Release|Any CPU.Build.0 = Release|Any CPU
		{1EA662F1-746B-4801-AFF8-20CFB2ED8C02}.Debug|Any CPU.ActiveCfg = Debug|Any CPU
		{1EA662F1-746B-4801-AFF8-20CFB2ED8C02}.Debug|Any CPU.Build.0 = Debug|Any CPU
		{1EA662F1-746B-4801-AFF8-20CFB2ED8C02}.Release|Any CPU.ActiveCfg = Release|Any CPU
		{1EA662F1-746B-4801-AFF8-20CFB2ED8C02}.Release|Any CPU.Build.0 = Release|Any CPU
	EndGlobalSection
	GlobalSection(SolutionProperties) = preSolution
		HideSolutionNode = FALSE
	EndGlobalSection
	GlobalSection(ExtensibilityGlobals) = postSolution
		SolutionGuid = {713A7199-6CC5-4EC3-B3CE-4C55770895C5}
	EndGlobalSection
EndGlobal
